{
  "pins" : [
    {
      "identity" : "stools",
      "kind" : "remoteSourceControl",
      "location" : "https://github.com/behring/STools.git",
      "state" : {
        "branch" : "master",
        "revision" : "9399a3ccc8bc79c39b7e6021e0206a13aa2c9ca2"
      }
    },
    {
      "identity" : "swiftui-introspect",
      "kind" : "remoteSourceControl",
      "location" : "https://github.com/behring/SwiftUI-Introspect.git",
      "state" : {
        "branch" : "master",
        "revision" : "6e73f81851b11390584906e8fdb85eb4b3ba286b"
      }
    }
  ],
  "version" : 2
}
